<Solution>
  <Configurations>
    <Platform Name="x64" />
  </Configurations>
  <Folder Name="/src/">
    <Project Path="src/WinFormsTemplate/WinFormsTemplate.csproj" />
  </Folder>
  <Folder Name="/tests/">
    <Project Path="tests/WinFormsTemplate.Tests/WinFormsTemplate.Tests.csproj" />
  </Folder>
  <Folder Name="/solution items/">
    <File Path=".editorconfig" />
    <File Path=".gitattributes" />
    <File Path="GitVersion.yml" />
    <File Path="README.md" />
  </Folder>
</Solution>
